
Microsoft Visual Studio Solution File, Format Version 12.00
# Visual Studio 2013
VisualStudioVersion = 12.0.31101.0
MinimumVisualStudioVersion = 10.0.40219.1
Project("{FAE04EC0-301F-11D3-BF4B-00C04F79EFBC}") = "Accounting.Model", "Accounting.Model\Accounting.Model.csproj", "{8433139C-9DB0-423C-87E4-95EACB3D0A29}"
EndProject
Project("{2150E333-8FDC-42A3-9474-1A3956D46DE8}") = "Model", "Model", "{7EA226DE-5931-47F3-B9BD-2045B357E0E6}"
EndProject
Project("{2150E333-8FDC-42A3-9474-1A3956D46DE8}") = "DAL", "DAL", "{874DD253-BF8B-483A-ABF7-FA4F957E58E5}"
EndProject
Project("{FAE04EC0-301F-11D3-BF4B-00C04F79EFBC}") = "Accounting.DAL", "Accounting.DAL\Accounting.DAL.csproj", "{6E57381C-F522-44E0-96B8-4FCFD2BAE5DF}"
EndProject
Project("{2150E333-8FDC-42A3-9474-1A3956D46DE8}") = "Product", "Product", "{AC99208E-116D-4A6F-B96D-92D880C0D208}"
EndProject
Project("{FAE04EC0-301F-11D3-BF4B-00C04F79EFBC}") = "EasyAccounting", "EasyAccounting\EasyAccounting.csproj", "{C1B5358B-CEB9-45DE-971D-54F4BE63F3D7}"
EndProject
Project("{2150E333-8FDC-42A3-9474-1A3956D46DE8}") = "Services", "Services", "{5DDB0C13-B4FB-4178-B522-67A8FB35CBAD}"
EndProject
Project("{2150E333-8FDC-42A3-9474-1A3956D46DE8}") = "Proxy", "Proxy", "{60B0DF10-0822-420E-8E64-11DACA26C1B8}"
EndProject
Project("{2150E333-8FDC-42A3-9474-1A3956D46DE8}") = "Service", "Service", "{55CFBEE5-0D99-43E0-98B7-1A0007F0E6D1}"
EndProject
Project("{FAE04EC0-301F-11D3-BF4B-00C04F79EFBC}") = "Accounting.ServiceProxy", "Accounting.ServiceProxy\Accounting.ServiceProxy.csproj", "{F59E1B15-22DC-4D3C-BEC7-4461A489E9FB}"
EndProject
Project("{FAE04EC0-301F-11D3-BF4B-00C04F79EFBC}") = "Acconting.Service", "Acconting.Service\Acconting.Service.csproj", "{79FED690-3900-4167-A938-96E0F75C989E}"
EndProject
Project("{2150E333-8FDC-42A3-9474-1A3956D46DE8}") = "UnitTesting", "UnitTesting", "{CBA83F7D-435D-4E01-99F9-54D0F6357A10}"
EndProject
Project("{FAE04EC0-301F-11D3-BF4B-00C04F79EFBC}") = "Accounting.DAL.UnitTest", "Accounting.DAL.UnitTest\Accounting.DAL.UnitTest.csproj", "{87F077E3-4578-49E8-B048-641848BD71C1}"
EndProject
Project("{FAE04EC0-301F-11D3-BF4B-00C04F79EFBC}") = "Accounting.DAL.Interface", "Accounting.DAL.Interface\Accounting.DAL.Interface.csproj", "{DA3E550E-59C7-49C1-B5CF-491898CDC39E}"
EndProject
Project("{2150E333-8FDC-42A3-9474-1A3956D46DE8}") = "Utilities", "Utilities", "{5A5464C2-7706-4CDF-BD48-26BED3A6AB0E}"
EndProject
Project("{FAE04EC0-301F-11D3-BF4B-00C04F79EFBC}") = "Utilities", "Utilities\Utilities.csproj", "{99698A2D-ECA8-456F-89E9-852F9B955ECC}"
EndProject
Project("{FAE04EC0-301F-11D3-BF4B-00C04F79EFBC}") = "EasyAccounting.WPF", "EasyAccounting.WPF\EasyAccounting.WPF.csproj", "{75CBEAEC-78B3-42AF-BEAF-25C175C635C7}"
EndProject
Global
	GlobalSection(SolutionConfigurationPlatforms) = preSolution
		Debug|Any CPU = Debug|Any CPU
		Release|Any CPU = Release|Any CPU
	EndGlobalSection
	GlobalSection(ProjectConfigurationPlatforms) = postSolution
		{8433139C-9DB0-423C-87E4-95EACB3D0A29}.Debug|Any CPU.ActiveCfg = Debug|Any CPU
		{8433139C-9DB0-423C-87E4-95EACB3D0A29}.Debug|Any CPU.Build.0 = Debug|Any CPU
		{8433139C-9DB0-423C-87E4-95EACB3D0A29}.Release|Any CPU.ActiveCfg = Release|Any CPU
		{8433139C-9DB0-423C-87E4-95EACB3D0A29}.Release|Any CPU.Build.0 = Release|Any CPU
		{6E57381C-F522-44E0-96B8-4FCFD2BAE5DF}.Debug|Any CPU.ActiveCfg = Debug|Any CPU
		{6E57381C-F522-44E0-96B8-4FCFD2BAE5DF}.Debug|Any CPU.Build.0 = Debug|Any CPU
		{6E57381C-F522-44E0-96B8-4FCFD2BAE5DF}.Release|Any CPU.ActiveCfg = Release|Any CPU
		{6E57381C-F522-44E0-96B8-4FCFD2BAE5DF}.Release|Any CPU.Build.0 = Release|Any CPU
		{C1B5358B-CEB9-45DE-971D-54F4BE63F3D7}.Debug|Any CPU.ActiveCfg = Debug|Any CPU
		{C1B5358B-CEB9-45DE-971D-54F4BE63F3D7}.Debug|Any CPU.Build.0 = Debug|Any CPU
		{C1B5358B-CEB9-45DE-971D-54F4BE63F3D7}.Release|Any CPU.ActiveCfg = Release|Any CPU
		{C1B5358B-CEB9-45DE-971D-54F4BE63F3D7}.Release|Any CPU.Build.0 = Release|Any CPU
		{F59E1B15-22DC-4D3C-BEC7-4461A489E9FB}.Debug|Any CPU.ActiveCfg = Debug|Any CPU
		{F59E1B15-22DC-4D3C-BEC7-4461A489E9FB}.Debug|Any CPU.Build.0 = Debug|Any CPU
		{F59E1B15-22DC-4D3C-BEC7-4461A489E9FB}.Release|Any CPU.ActiveCfg = Release|Any CPU
		{F59E1B15-22DC-4D3C-BEC7-4461A489E9FB}.Release|Any CPU.Build.0 = Release|Any CPU
		{79FED690-3900-4167-A938-96E0F75C989E}.Debug|Any CPU.ActiveCfg = Debug|Any CPU
		{79FED690-3900-4167-A938-96E0F75C989E}.Debug|Any CPU.Build.0 = Debug|Any CPU
		{79FED690-3900-4167-A938-96E0F75C989E}.Release|Any CPU.ActiveCfg = Release|Any CPU
		{79FED690-3900-4167-A938-96E0F75C989E}.Release|Any CPU.Build.0 = Release|Any CPU
		{87F077E3-4578-49E8-B048-641848BD71C1}.Debug|Any CPU.ActiveCfg = Debug|Any CPU
		{87F077E3-4578-49E8-B048-641848BD71C1}.Debug|Any CPU.Build.0 = Debug|Any CPU
		{87F077E3-4578-49E8-B048-641848BD71C1}.Release|Any CPU.ActiveCfg = Release|Any CPU
		{87F077E3-4578-49E8-B048-641848BD71C1}.Release|Any CPU.Build.0 = Release|Any CPU
		{DA3E550E-59C7-49C1-B5CF-491898CDC39E}.Debug|Any CPU.ActiveCfg = Debug|Any CPU
		{DA3E550E-59C7-49C1-B5CF-491898CDC39E}.Debug|Any CPU.Build.0 = Debug|Any CPU
		{DA3E550E-59C7-49C1-B5CF-491898CDC39E}.Release|Any CPU.ActiveCfg = Release|Any CPU
		{DA3E550E-59C7-49C1-B5CF-491898CDC39E}.Release|Any CPU.Build.0 = Release|Any CPU
		{99698A2D-ECA8-456F-89E9-852F9B955ECC}.Debug|Any CPU.ActiveCfg = Debug|Any CPU
		{99698A2D-ECA8-456F-89E9-852F9B955ECC}.Debug|Any CPU.Build.0 = Debug|Any CPU
		{99698A2D-ECA8-456F-89E9-852F9B955ECC}.Release|Any CPU.ActiveCfg = Release|Any CPU
		{99698A2D-ECA8-456F-89E9-852F9B955ECC}.Release|Any CPU.Build.0 = Release|Any CPU
		{75CBEAEC-78B3-42AF-BEAF-25C175C635C7}.Debug|Any CPU.ActiveCfg = Debug|Any CPU
		{75CBEAEC-78B3-42AF-BEAF-25C175C635C7}.Debug|Any CPU.Build.0 = Debug|Any CPU
		{75CBEAEC-78B3-42AF-BEAF-25C175C635C7}.Release|Any CPU.ActiveCfg = Release|Any CPU
		{75CBEAEC-78B3-42AF-BEAF-25C175C635C7}.Release|Any CPU.Build.0 = Release|Any CPU
	EndGlobalSection
	GlobalSection(SolutionProperties) = preSolution
		HideSolutionNode = FALSE
	EndGlobalSection
	GlobalSection(NestedProjects) = preSolution
		{8433139C-9DB0-423C-87E4-95EACB3D0A29} = {7EA226DE-5931-47F3-B9BD-2045B357E0E6}
		{6E57381C-F522-44E0-96B8-4FCFD2BAE5DF} = {874DD253-BF8B-483A-ABF7-FA4F957E58E5}
		{C1B5358B-CEB9-45DE-971D-54F4BE63F3D7} = {AC99208E-116D-4A6F-B96D-92D880C0D208}
		{60B0DF10-0822-420E-8E64-11DACA26C1B8} = {5DDB0C13-B4FB-4178-B522-67A8FB35CBAD}
		{55CFBEE5-0D99-43E0-98B7-1A0007F0E6D1} = {5DDB0C13-B4FB-4178-B522-67A8FB35CBAD}
		{F59E1B15-22DC-4D3C-BEC7-4461A489E9FB} = {60B0DF10-0822-420E-8E64-11DACA26C1B8}
		{79FED690-3900-4167-A938-96E0F75C989E} = {55CFBEE5-0D99-43E0-98B7-1A0007F0E6D1}
		{87F077E3-4578-49E8-B048-641848BD71C1} = {CBA83F7D-435D-4E01-99F9-54D0F6357A10}
		{DA3E550E-59C7-49C1-B5CF-491898CDC39E} = {874DD253-BF8B-483A-ABF7-FA4F957E58E5}
		{99698A2D-ECA8-456F-89E9-852F9B955ECC} = {5A5464C2-7706-4CDF-BD48-26BED3A6AB0E}
		{75CBEAEC-78B3-42AF-BEAF-25C175C635C7} = {AC99208E-116D-4A6F-B96D-92D880C0D208}
	EndGlobalSection
EndGlobal
